// !$*UTF8*$!
{
	archiveVersion = 1;
	classes = {
	};
	objectVersion = 46;
	objects = {

/* Begin PBXBuildFile section */
		C857B7FB1E94D68600150614 /* AppDelegate.swift in Sources */ = {isa = PBXBuildFile; fileRef = C857B7FA1E94D68600150614 /* AppDelegate.swift */; };
		C857B8021E94D68600150614 /* Assets.xcassets in Resources */ = {isa = PBXBuildFile; fileRef = C857B8011E94D68600150614 /* Assets.xcassets */; };
		C857B8051E94D68600150614 /* LaunchScreen.storyboard in Resources */ = {isa = PBXBuildFile; fileRef = C857B8031E94D68600150614 /* LaunchScreen.storyboard */; };
		C857B80E1E94D6DC00150614 /* CodedDatePickerViewController.swift in Sources */ = {isa = PBXBuildFile; fileRef = C857B80C1E94D6DC00150614 /* CodedDatePickerViewController.swift */; };
		C857B80F1E94D6DC00150614 /* DatePickerViewController.swift in Sources */ = {isa = PBXBuildFile; fileRef = C857B80D1E94D6DC00150614 /* DatePickerViewController.swift */; };
		C857B8111E94D72600150614 /* StartViewController.swift in Sources */ = {isa = PBXBuildFile; fileRef = C857B8101E94D72600150614 /* StartViewController.swift */; };
		C857B8131E94D74400150614 /* Main.storyboard in Resources */ = {isa = PBXBuildFile; fileRef = C857B8121E94D74400150614 /* Main.storyboard */; };
		C857B8271E94D8BA00150614 /* JBDate.swift in Sources */ = {isa = PBXBuildFile; fileRef = C857B8181E94D8BA00150614 /* JBDate.swift */; };
		C857B8281E94D8BA00150614 /* JBDateExtension.swift in Sources */ = {isa = PBXBuildFile; fileRef = C857B8191E94D8BA00150614 /* JBDateExtension.swift */; };
		C857B8291E94D8BA00150614 /* JBDatePickerContentVC.swift in Sources */ = {isa = PBXBuildFile; fileRef = C857B81A1E94D8BA00150614 /* JBDatePickerContentVC.swift */; };
		C857B82A1E94D8BA00150614 /* JBDatePickerDayView.swift in Sources */ = {isa = PBXBuildFile; fileRef = C857B81B1E94D8BA00150614 /* JBDatePickerDayView.swift */; };
		C857B82B1E94D8BA00150614 /* JBDatePickerEnums.swift in Sources */ = {isa = PBXBuildFile; fileRef = C857B81C1E94D8BA00150614 /* JBDatePickerEnums.swift */; };
		C857B82C1E94D8BA00150614 /* JBDatePickerManager.swift in Sources */ = {isa = PBXBuildFile; fileRef = C857B81D1E94D8BA00150614 /* JBDatePickerManager.swift */; };
		C857B82D1E94D8BA00150614 /* JBDatePickerMonthView.swift in Sources */ = {isa = PBXBuildFile; fileRef = C857B81E1E94D8BA00150614 /* JBDatePickerMonthView.swift */; };
		C857B82E1E94D8BA00150614 /* JBDatePickerSelectionView.swift in Sources */ = {isa = PBXBuildFile; fileRef = C857B81F1E94D8BA00150614 /* JBDatePickerSelectionView.swift */; };
		C857B82F1E94D8BA00150614 /* JBDatePickerView.swift in Sources */ = {isa = PBXBuildFile; fileRef = C857B8201E94D8BA00150614 /* JBDatePickerView.swift */; };
		C857B8301E94D8BA00150614 /* JBDatePickerViewDelegate.swift in Sources */ = {isa = PBXBuildFile; fileRef = C857B8211E94D8BA00150614 /* JBDatePickerViewDelegate.swift */; };
		C857B8311E94D8BA00150614 /* JBDatePickerWeekDaysView.swift in Sources */ = {isa = PBXBuildFile; fileRef = C857B8221E94D8BA00150614 /* JBDatePickerWeekDaysView.swift */; };
		C857B8321E94D8BA00150614 /* JBDatePickerWeekView.swift in Sources */ = {isa = PBXBuildFile; fileRef = C857B8231E94D8BA00150614 /* JBDatePickerWeekView.swift */; };
		C857B8331E94D8BA00150614 /* JBFont.swift in Sources */ = {isa = PBXBuildFile; fileRef = C857B8241E94D8BA00150614 /* JBFont.swift */; };
		C857B8341E94D8BA00150614 /* Info.plist in Resources */ = {isa = PBXBuildFile; fileRef = C857B8251E94D8BA00150614 /* Info.plist */; };
/* End PBXBuildFile section */

/* Begin PBXFileReference section */
		C857B7F71E94D68600150614 /* JBDatePickerDemoApp.app */ = {isa = PBXFileReference; explicitFileType = wrapper.application; includeInIndex = 0; path = JBDatePickerDemoApp.app; sourceTree = BUILT_PRODUCTS_DIR; };
		C857B7FA1E94D68600150614 /* AppDelegate.swift */ = {isa = PBXFileReference; lastKnownFileType = sourcecode.swift; path = AppDelegate.swift; sourceTree = "<group>"; };
		C857B8011E94D68600150614 /* Assets.xcassets */ = {isa = PBXFileReference; lastKnownFileType = folder.assetcatalog; path = Assets.xcassets; sourceTree = "<group>"; };
		C857B8041E94D68600150614 /* Base */ = {isa = PBXFileReference; lastKnownFileType = file.storyboard; name = Base; path = Base.lproj/LaunchScreen.storyboard; sourceTree = "<group>"; };
		C857B8061E94D68600150614 /* Info.plist */ = {isa = PBXFileReference; lastKnownFileType = text.plist.xml; path = Info.plist; sourceTree = "<group>"; };
		C857B80C1E94D6DC00150614 /* CodedDatePickerViewController.swift */ = {isa = PBXFileReference; fileEncoding = 4; lastKnownFileType = sourcecode.swift; path = CodedDatePickerViewController.swift; sourceTree = "<group>"; };
		C857B80D1E94D6DC00150614 /* DatePickerViewController.swift */ = {isa = PBXFileReference; fileEncoding = 4; lastKnownFileType = sourcecode.swift; path = DatePickerViewController.swift; sourceTree = "<group>"; };
		C857B8101E94D72600150614 /* StartViewController.swift */ = {isa = PBXFileReference; fileEncoding = 4; lastKnownFileType = sourcecode.swift; path = StartViewController.swift; sourceTree = "<group>"; };
		C857B8121E94D74400150614 /* Main.storyboard */ = {isa = PBXFileReference; fileEncoding = 4; lastKnownFileType = file.storyboard; path = Main.storyboard; sourceTree = "<group>"; };
		C857B8181E94D8BA00150614 /* JBDate.swift */ = {isa = PBXFileReference; fileEncoding = 4; lastKnownFileType = sourcecode.swift; path = JBDate.swift; sourceTree = "<group>"; };
		C857B8191E94D8BA00150614 /* JBDateExtension.swift */ = {isa = PBXFileReference; fileEncoding = 4; lastKnownFileType = sourcecode.swift; path = JBDateExtension.swift; sourceTree = "<group>"; };
		C857B81A1E94D8BA00150614 /* JBDatePickerContentVC.swift */ = {isa = PBXFileReference; fileEncoding = 4; lastKnownFileType = sourcecode.swift; path = JBDatePickerContentVC.swift; sourceTree = "<group>"; };
		C857B81B1E94D8BA00150614 /* JBDatePickerDayView.swift */ = {isa = PBXFileReference; fileEncoding = 4; lastKnownFileType = sourcecode.swift; path = JBDatePickerDayView.swift; sourceTree = "<group>"; };
		C857B81C1E94D8BA00150614 /* JBDatePickerEnums.swift */ = {isa = PBXFileReference; fileEncoding = 4; lastKnownFileType = sourcecode.swift; path = JBDatePickerEnums.swift; sourceTree = "<group>"; };
		C857B81D1E94D8BA00150614 /* JBDatePickerManager.swift */ = {isa = PBXFileReference; fileEncoding = 4; lastKnownFileType = sourcecode.swift; path = JBDatePickerManager.swift; sourceTree = "<group>"; };
		C857B81E1E94D8BA00150614 /* JBDatePickerMonthView.swift */ = {isa = PBXFileReference; fileEncoding = 4; lastKnownFileType = sourcecode.swift; path = JBDatePickerMonthView.swift; sourceTree = "<group>"; };
		C857B81F1E94D8BA00150614 /* JBDatePickerSelectionView.swift */ = {isa = PBXFileReference; fileEncoding = 4; lastKnownFileType = sourcecode.swift; path = JBDatePickerSelectionView.swift; sourceTree = "<group>"; };
		C857B8201E94D8BA00150614 /* JBDatePickerView.swift */ = {isa = PBXFileReference; fileEncoding = 4; lastKnownFileType = sourcecode.swift; path = JBDatePickerView.swift; sourceTree = "<group>"; };
		C857B8211E94D8BA00150614 /* JBDatePickerViewDelegate.swift */ = {isa = PBXFileReference; fileEncoding = 4; lastKnownFileType = sourcecode.swift; path = JBDatePickerViewDelegate.swift; sourceTree = "<group>"; };
		C857B8221E94D8BA00150614 /* JBDatePickerWeekDaysView.swift */ = {isa = PBXFileReference; fileEncoding = 4; lastKnownFileType = sourcecode.swift; path = JBDatePickerWeekDaysView.swift; sourceTree = "<group>"; };
		C857B8231E94D8BA00150614 /* JBDatePickerWeekView.swift */ = {isa = PBXFileReference; fileEncoding = 4; lastKnownFileType = sourcecode.swift; path = JBDatePickerWeekView.swift; sourceTree = "<group>"; };
		C857B8241E94D8BA00150614 /* JBFont.swift */ = {isa = PBXFileReference; fileEncoding = 4; lastKnownFileType = sourcecode.swift; path = JBFont.swift; sourceTree = "<group>"; };
		C857B8251E94D8BA00150614 /* Info.plist */ = {isa = PBXFileReference; fileEncoding = 4; lastKnownFileType = text.plist.xml; path = Info.plist; sourceTree = "<group>"; };
		C857B8261E94D8BA00150614 /* JBDatePicker.h */ = {isa = PBXFileReference; fileEncoding = 4; lastKnownFileType = sourcecode.c.h; path = JBDatePicker.h; sourceTree = "<group>"; };
/* End PBXFileReference section */

/* Begin PBXFrameworksBuildPhase section */
		C857B7F41E94D68600150614 /* Frameworks */ = {
			isa = PBXFrameworksBuildPhase;
			buildActionMask = 2147483647;
			files = (
			);
			runOnlyForDeploymentPostprocessing = 0;
		};
/* End PBXFrameworksBuildPhase section */

/* Begin PBXGroup section */
		C857B7EE1E94D68600150614 = {
			isa = PBXGroup;
			children = (
				C857B7F91E94D68600150614 /* JBDatePickerDemoApp */,
				C857B7F81E94D68600150614 /* Products */,
				C857B8161E94D8BA00150614 /* JBDatePicker */,
			);
			sourceTree = "<group>";
		};
		C857B7F81E94D68600150614 /* Products */ = {
			isa = PBXGroup;
			children = (
				C857B7F71E94D68600150614 /* JBDatePickerDemoApp.app */,
			);
			name = Products;
			sourceTree = "<group>";
		};
		C857B7F91E94D68600150614 /* JBDatePickerDemoApp */ = {
			isa = PBXGroup;
			children = (
				C857B7FA1E94D68600150614 /* AppDelegate.swift */,
				C857B80C1E94D6DC00150614 /* CodedDatePickerViewController.swift */,
				C857B80D1E94D6DC00150614 /* DatePickerViewController.swift */,
				C857B8101E94D72600150614 /* StartViewController.swift */,
				C857B8121E94D74400150614 /* Main.storyboard */,
				C857B8011E94D68600150614 /* Assets.xcassets */,
				C857B8031E94D68600150614 /* LaunchScreen.storyboard */,
				C857B8061E94D68600150614 /* Info.plist */,
			);
			path = JBDatePickerDemoApp;
			sourceTree = "<group>";
		};
		C857B8161E94D8BA00150614 /* JBDatePicker */ = {
			isa = PBXGroup;
			children = (
				C857B8171E94D8BA00150614 /* Classes */,
				C857B8251E94D8BA00150614 /* Info.plist */,
				C857B8261E94D8BA00150614 /* JBDatePicker.h */,
			);
			name = JBDatePicker;
			path = ../JBDatePicker;
			sourceTree = "<group>";
		};
		C857B8171E94D8BA00150614 /* Classes */ = {
			isa = PBXGroup;
			children = (
				C857B8181E94D8BA00150614 /* JBDate.swift */,
				C857B8191E94D8BA00150614 /* JBDateExtension.swift */,
				C857B81A1E94D8BA00150614 /* JBDatePickerContentVC.swift */,
				C857B81B1E94D8BA00150614 /* JBDatePickerDayView.swift */,
				C857B81C1E94D8BA00150614 /* JBDatePickerEnums.swift */,
				C857B81D1E94D8BA00150614 /* JBDatePickerManager.swift */,
				C857B81E1E94D8BA00150614 /* JBDatePickerMonthView.swift */,
				C857B81F1E94D8BA00150614 /* JBDatePickerSelectionView.swift */,
				C857B8201E94D8BA00150614 /* JBDatePickerView.swift */,
				C857B8211E94D8BA00150614 /* JBDatePickerViewDelegate.swift */,
				C857B8221E94D8BA00150614 /* JBDatePickerWeekDaysView.swift */,
				C857B8231E94D8BA00150614 /* JBDatePickerWeekView.swift */,
				C857B8241E94D8BA00150614 /* JBFont.swift */,
			);
			path = Classes;
			sourceTree = "<group>";
		};
/* End PBXGroup section */

/* Begin PBXNativeTarget section */
		C857B7F61E94D68600150614 /* JBDatePickerDemoApp */ = {
			isa = PBXNativeTarget;
			buildConfigurationList = C857B8091E94D68600150614 /* Build configuration list for PBXNativeTarget "JBDatePickerDemoApp" */;
			buildPhases = (
				C857B7F31E94D68600150614 /* Sources */,
				C857B7F41E94D68600150614 /* Frameworks */,
				C857B7F51E94D68600150614 /* Resources */,
			);
			buildRules = (
			);
			dependencies = (
			);
			name = JBDatePickerDemoApp;
			productName = JBDatePickerDemoApp;
			productReference = C857B7F71E94D68600150614 /* JBDatePickerDemoApp.app */;
			productType = "com.apple.product-type.application";
		};
/* End PBXNativeTarget section */

/* Begin PBXProject section */
		C857B7EF1E94D68600150614 /* Project object */ = {
			isa = PBXProject;
			attributes = {
				LastSwiftUpdateCheck = 0830;
				LastUpgradeCheck = 0900;
				ORGANIZATIONNAME = "Joost van Breukelen";
				TargetAttributes = {
					C857B7F61E94D68600150614 = {
						CreatedOnToolsVersion = 8.3;
						DevelopmentTeam = WTKD2M57Q2;
						ProvisioningStyle = Automatic;
					};
				};
			};
			buildConfigurationList = C857B7F21E94D68600150614 /* Build configuration list for PBXProject "JBDatePickerDemoApp" */;
			compatibilityVersion = "Xcode 3.2";
			developmentRegion = English;
			hasScannedForEncodings = 0;
			knownRegions = (
				en,
				Base,
			);
			mainGroup = C857B7EE1E94D68600150614;
			productRefGroup = C857B7F81E94D68600150614 /* Products */;
			projectDirPath = "";
			projectRoot = "";
			targets = (
				C857B7F61E94D68600150614 /* JBDatePickerDemoApp */,
			);
		};
/* End PBXProject section */

/* Begin PBXResourcesBuildPhase section */
		C857B7F51E94D68600150614 /* Resources */ = {
			isa = PBXResourcesBuildPhase;
			buildActionMask = 2147483647;
			files = (
				C857B8341E94D8BA00150614 /* Info.plist in Resources */,
				C857B8051E94D68600150614 /* LaunchScreen.storyboard in Resources */,
				C857B8021E94D68600150614 /* Assets.xcassets in Resources */,
				C857B8131E94D74400150614 /* Main.storyboard in Resources */,
			);
			runOnlyForDeploymentPostprocessing = 0;
		};
/* End PBXResourcesBuildPhase section */

/* Begin PBXSourcesBuildPhase section */
		C857B7F31E94D68600150614 /* Sources */ = {
			isa = PBXSourcesBuildPhase;
			buildActionMask = 2147483647;
			files = (
				C857B8311E94D8BA00150614 /* JBDatePickerWeekDaysView.swift in Sources */,
				C857B80F1E94D6DC00150614 /* DatePickerViewController.swift in Sources */,
				C857B8271E94D8BA00150614 /* JBDate.swift in Sources */,
				C857B8111E94D72600150614 /* StartViewController.swift in Sources */,
				C857B8321E94D8BA00150614 /* JBDatePickerWeekView.swift in Sources */,
				C857B82E1E94D8BA00150614 /* JBDatePickerSelectionView.swift in Sources */,
				C857B82F1E94D8BA00150614 /* JBDatePickerView.swift in Sources */,
				C857B8331E94D8BA00150614 /* JBFont.swift in Sources */,
				C857B80E1E94D6DC00150614 /* CodedDatePickerViewController.swift in Sources */,
				C857B7FB1E94D68600150614 /* AppDelegate.swift in Sources */,
				C857B82A1E94D8BA00150614 /* JBDatePickerDayView.swift in Sources */,
				C857B8291E94D8BA00150614 /* JBDatePickerContentVC.swift in Sources */,
				C857B82C1E94D8BA00150614 /* JBDatePickerManager.swift in Sources */,
				C857B8281E94D8BA00150614 /* JBDateExtension.swift in Sources */,
				C857B82D1E94D8BA00150614 /* JBDatePickerMonthView.swift in Sources */,
				C857B82B1E94D8BA00150614 /* JBDatePickerEnums.swift in Sources */,
				C857B8301E94D8BA00150614 /* JBDatePickerViewDelegate.swift in Sources */,
			);
			runOnlyForDeploymentPostprocessing = 0;
		};
/* End PBXSourcesBuildPhase section */

/* Begin PBXVariantGroup section */
		C857B8031E94D68600150614 /* LaunchScreen.storyboard */ = {
			isa = PBXVariantGroup;
			children = (
				C857B8041E94D68600150614 /* Base */,
			);
			name = LaunchScreen.storyboard;
			sourceTree = "<group>";
		};
/* End PBXVariantGroup section */

/* Begin XCBuildConfiguration section */
		C857B8071E94D68600150614 /* Debug */ = {
			isa = XCBuildConfiguration;
			buildSettings = {
				ALWAYS_SEARCH_USER_PATHS = NO;
				CLANG_ANALYZER_NONNULL = YES;
				CLANG_ANALYZER_NUMBER_OBJECT_CONVERSION = YES_AGGRESSIVE;
				CLANG_CXX_LANGUAGE_STANDARD = "gnu++0x";
				CLANG_CXX_LIBRARY = "libc++";
				CLANG_ENABLE_MODULES = YES;
				CLANG_ENABLE_OBJC_ARC = YES;
				CLANG_WARN_BLOCK_CAPTURE_AUTORELEASING = YES;
				CLANG_WARN_BOOL_CONVERSION = YES;
				CLANG_WARN_COMMA = YES;
				CLANG_WARN_CONSTANT_CONVERSION = YES;
				CLANG_WARN_DIRECT_OBJC_ISA_USAGE = YES_ERROR;
				CLANG_WARN_DOCUMENTATION_COMMENTS = YES;
				CLANG_WARN_EMPTY_BODY = YES;
				CLANG_WARN_ENUM_CONVERSION = YES;
				CLANG_WARN_INFINITE_RECURSION = YES;
				CLANG_WARN_INT_CONVERSION = YES;
				CLANG_WARN_NON_LITERAL_NULL_CONVERSION = YES;
				CLANG_WARN_OBJC_LITERAL_CONVERSION = YES;
				CLANG_WARN_OBJC_ROOT_CLASS = YES_ERROR;
				CLANG_WARN_RANGE_LOOP_ANALYSIS = YES;
				CLANG_WARN_STRICT_PROTOTYPES = YES;
				CLANG_WARN_SUSPICIOUS_MOVE = YES;
				CLANG_WARN_UNREACHABLE_CODE = YES;
				CLANG_WARN__DUPLICATE_METHOD_MATCH = YES;
				"CODE_SIGN_IDENTITY[sdk=iphoneos*]" = "iPhone Developer";
				COPY_PHASE_STRIP = NO;
				DEBUG_INFORMATION_FORMAT = dwarf;
				ENABLE_STRICT_OBJC_MSGSEND = YES;
				ENABLE_TESTABILITY = YES;
				GCC_C_LANGUAGE_STANDARD = gnu99;
				GCC_DYNAMIC_NO_PIC = NO;
				GCC_NO_COMMON_BLOCKS = YES;
				GCC_OPTIMIZATION_LEVEL = 0;
				GCC_PREPROCESSOR_DEFINITIONS = (
					"DEBUG=1",
					"$(inherited)",
				);
				GCC_WARN_64_TO_32_BIT_CONVERSION = YES;
				GCC_WARN_ABOUT_RETURN_TYPE = YES_ERROR;
				GCC_WARN_UNDECLARED_SELECTOR = YES;
				GCC_WARN_UNINITIALIZED_AUTOS = YES_AGGRESSIVE;
				GCC_WARN_UNUSED_FUNCTION = YES;
				GCC_WARN_UNUSED_VARIABLE = YES;
				IPHONEOS_DEPLOYMENT_TARGET = 10.3;
				MTL_ENABLE_DEBUG_INFO = YES;
				ONLY_ACTIVE_ARCH = YES;
				SDKROOT = iphoneos;
				SWIFT_ACTIVE_COMPILATION_CONDITIONS = DEBUG;
				SWIFT_OPTIMIZATION_LEVEL = "-Onone";
				SWIFT_VERSION = 4.0;
			};
			name = Debug;
		};
		C857B8081E94D68600150614 /* Release */ = {
			isa = XCBuildConfiguration;
			buildSettings = {
				ALWAYS_SEARCH_USER_PATHS = NO;
				CLANG_ANALYZER_NONNULL = YES;
				CLANG_ANALYZER_NUMBER_OBJECT_CONVERSION = YES_AGGRESSIVE;
				CLANG_CXX_LANGUAGE_STANDARD = "gnu++0x";
				CLANG_CXX_LIBRARY = "libc++";
				CLANG_ENABLE_MODULES = YES;
				CLANG_ENABLE_OBJC_ARC = YES;
				CLANG_WARN_BLOCK_CAPTURE_AUTORELEASING = YES;
				CLANG_WARN_BOOL_CONVERSION = YES;
				CLANG_WARN_COMMA = YES;
				CLANG_WARN_CONSTANT_CONVERSION = YES;
				CLANG_WARN_DIRECT_OBJC_ISA_USAGE = YES_ERROR;
				CLANG_WARN_DOCUMENTATION_COMMENTS = YES;
				CLANG_WARN_EMPTY_BODY = YES;
				CLANG_WARN_ENUM_CONVERSION = YES;
				CLANG_WARN_INFINITE_RECURSION = YES;
				CLANG_WARN_INT_CONVERSION = YES;
				CLANG_WARN_NON_LITERAL_NULL_CONVERSION = YES;
				CLANG_WARN_OBJC_LITERAL_CONVERSION = YES;
				CLANG_WARN_OBJC_ROOT_CLASS = YES_ERROR;
				CLANG_WARN_RANGE_LOOP_ANALYSIS = YES;
				CLANG_WARN_STRICT_PROTOTYPES = YES;
				CLANG_WARN_SUSPICIOUS_MOVE = YES;
				CLANG_WARN_UNREACHABLE_CODE = YES;
				CLANG_WARN__DUPLICATE_METHOD_MATCH = YES;
				"CODE_SIGN_IDENTITY[sdk=iphoneos*]" = "iPhone Developer";
				COPY_PHASE_STRIP = NO;
				DEBUG_INFORMATION_FORMAT = "dwarf-with-dsym";
				ENABLE_NS_ASSERTIONS = NO;
				ENABLE_STRICT_OBJC_MSGSEND = YES;
				GCC_C_LANGUAGE_STANDARD = gnu99;
				GCC_NO_COMMON_BLOCKS = YES;
				GCC_WARN_64_TO_32_BIT_CONVERSION = YES;
				GCC_WARN_ABOUT_RETURN_TYPE = YES_ERROR;
				GCC_WARN_UNDECLARED_SELECTOR = YES;
				GCC_WARN_UNINITIALIZED_AUTOS = YES_AGGRESSIVE;
				GCC_WARN_UNUSED_FUNCTION = YES;
				GCC_WARN_UNUSED_VARIABLE = YES;
				IPHONEOS_DEPLOYMENT_TARGET = 10.3;
				MTL_ENABLE_DEBUG_INFO = NO;
				SDKROOT = iphoneos;
				SWIFT_OPTIMIZATION_LEVEL = "-Owholemodule";
				SWIFT_VERSION = 4.0;
				VALIDATE_PRODUCT = YES;
			};
			name = Release;
		};
		C857B80A1E94D68600150614 /* Debug */ = {
			isa = XCBuildConfiguration;
			buildSettings = {
				ASSETCATALOG_COMPILER_APPICON_NAME = AppIcon;
				DEVELOPMENT_TEAM = WTKD2M57Q2;
				INFOPLIST_FILE = JBDatePickerDemoApp/Info.plist;
				LD_RUNPATH_SEARCH_PATHS = "$(inherited) @executable_path/Frameworks";
				PRODUCT_BUNDLE_IDENTIFIER = co.timeflower.JBDatePickerDemoApp;
				PRODUCT_NAME = "$(TARGET_NAME)";
				SWIFT_VERSION = 4.0;
			};
			name = Debug;
		};
		C857B80B1E94D68600150614 /* Release */ = {
			isa = XCBuildConfiguration;
			buildSettings = {
				ASSETCATALOG_COMPILER_APPICON_NAME = AppIcon;
				DEVELOPMENT_TEAM = WTKD2M57Q2;
				INFOPLIST_FILE = JBDatePickerDemoApp/Info.plist;
				LD_RUNPATH_SEARCH_PATHS = "$(inherited) @executable_path/Frameworks";
				PRODUCT_BUNDLE_IDENTIFIER = co.timeflower.JBDatePickerDemoApp;
				PRODUCT_NAME = "$(TARGET_NAME)";
				SWIFT_VERSION = 4.0;
			};
			name = Release;
		};
/* End XCBuildConfiguration section */

/* Begin XCConfigurationList section */
		C857B7F21E94D68600150614 /* Build configuration list for PBXProject "JBDatePickerDemoApp" */ = {
			isa = XCConfigurationList;
			buildConfigurations = (
				C857B8071E94D68600150614 /* Debug */,
				C857B8081E94D68600150614 /* Release */,
			);
			defaultConfigurationIsVisible = 0;
			defaultConfigurationName = Release;
		};
		C857B8091E94D68600150614 /* Build configuration list for PBXNativeTarget "JBDatePickerDemoApp" */ = {
			isa = XCConfigurationList;
			buildConfigurations = (
				C857B80A1E94D68600150614 /* Debug */,
				C857B80B1E94D68600150614 /* Release */,
			);
			defaultConfigurationIsVisible = 0;
			defaultConfigurationName = Release;
		};
/* End XCConfigurationList section */
	};
	rootObject = C857B7EF1E94D68600150614 /* Project object */;
}
